// !$*UTF8*$!
{
	archiveVersion = 1;
	classes = {
	};
	objectVersion = 46;
	objects = {

/* Begin PBXBuildFile section */
		D12673081F0416D900BE5C40 /* AppDelegate.swift in Sources */ = {isa = PBXBuildFile; fileRef = D12673071F0416D900BE5C40 /* AppDelegate.swift */; };
		D126730A1F0416D900BE5C40 /* ViewController.swift in Sources */ = {isa = PBXBuildFile; fileRef = D12673091F0416D900BE5C40 /* ViewController.swift */; };
		D126730D1F0416D900BE5C40 /* Main.storyboard in Resources */ = {isa = PBXBuildFile; fileRef = D126730B1F0416D900BE5C40 /* Main.storyboard */; };
		D126730F1F0416DA00BE5C40 /* Assets.xcassets in Resources */ = {isa = PBXBuildFile; fileRef = D126730E1F0416DA00BE5C40 /* Assets.xcassets */; };
		D12673121F0416DA00BE5C40 /* LaunchScreen.storyboard in Resources */ = {isa = PBXBuildFile; fileRef = D12673101F0416DA00BE5C40 /* LaunchScreen.storyboard */; };
		D15F63511F0D33B800A04957 /* InstrumentForTest.swift in Sources */ = {isa = PBXBuildFile; fileRef = D15F63501F0D33B800A04957 /* InstrumentForTest.swift */; };
		D15F63531F0D5BA500A04957 /* Constants.swift in Sources */ = {isa = PBXBuildFile; fileRef = D15F63521F0D5BA500A04957 /* Constants.swift */; };
/* End PBXBuildFile section */

/* Begin PBXFileReference section */
		D12673041F0416D900BE5C40 /* Lesson_1_HomeWork.app */ = {isa = PBXFileReference; explicitFileType = wrapper.application; includeInIndex = 0; path = Lesson_1_HomeWork.app; sourceTree = BUILT_PRODUCTS_DIR; };
		D12673071F0416D900BE5C40 /* AppDelegate.swift */ = {isa = PBXFileReference; lastKnownFileType = sourcecode.swift; path = AppDelegate.swift; sourceTree = "<group>"; };
		D12673091F0416D900BE5C40 /* ViewController.swift */ = {isa = PBXFileReference; lastKnownFileType = sourcecode.swift; path = ViewController.swift; sourceTree = "<group>"; };
		D126730C1F0416D900BE5C40 /* Base */ = {isa = PBXFileReference; lastKnownFileType = file.storyboard; name = Base; path = Base.lproj/Main.storyboard; sourceTree = "<group>"; };
		D126730E1F0416DA00BE5C40 /* Assets.xcassets */ = {isa = PBXFileReference; lastKnownFileType = folder.assetcatalog; path = Assets.xcassets; sourceTree = "<group>"; };
		D12673111F0416DA00BE5C40 /* Base */ = {isa = PBXFileReference; lastKnownFileType = file.storyboard; name = Base; path = Base.lproj/LaunchScreen.storyboard; sourceTree = "<group>"; };
		D12673131F0416DA00BE5C40 /* Info.plist */ = {isa = PBXFileReference; lastKnownFileType = text.plist.xml; path = Info.plist; sourceTree = "<group>"; };
		D15F63501F0D33B800A04957 /* InstrumentForTest.swift */ = {isa = PBXFileReference; fileEncoding = 4; lastKnownFileType = sourcecode.swift; path = InstrumentForTest.swift; sourceTree = "<group>"; };
		D15F63521F0D5BA500A04957 /* Constants.swift */ = {isa = PBXFileReference; fileEncoding = 4; lastKnownFileType = sourcecode.swift; path = Constants.swift; sourceTree = "<group>"; };
/* End PBXFileReference section */

/* Begin PBXFrameworksBuildPhase section */
		D12673011F0416D900BE5C40 /* Frameworks */ = {
			isa = PBXFrameworksBuildPhase;
			buildActionMask = 2147483647;
			files = (
			);
			runOnlyForDeploymentPostprocessing = 0;
		};
/* End PBXFrameworksBuildPhase section */

/* Begin PBXGroup section */
		D12672FB1F0416D900BE5C40 = {
			isa = PBXGroup;
			children = (
				D12673061F0416D900BE5C40 /* Lesson_1_HomeWork */,
				D12673051F0416D900BE5C40 /* Products */,
			);
			sourceTree = "<group>";
		};
		D12673051F0416D900BE5C40 /* Products */ = {
			isa = PBXGroup;
			children = (
				D12673041F0416D900BE5C40 /* Lesson_1_HomeWork.app */,
			);
			name = Products;
			sourceTree = "<group>";
		};
		D12673061F0416D900BE5C40 /* Lesson_1_HomeWork */ = {
			isa = PBXGroup;
			children = (
				D12673071F0416D900BE5C40 /* AppDelegate.swift */,
				D12673091F0416D900BE5C40 /* ViewController.swift */,
				D15F63501F0D33B800A04957 /* InstrumentForTest.swift */,
				D15F63521F0D5BA500A04957 /* Constants.swift */,
				D126730B1F0416D900BE5C40 /* Main.storyboard */,
				D126730E1F0416DA00BE5C40 /* Assets.xcassets */,
				D12673101F0416DA00BE5C40 /* LaunchScreen.storyboard */,
				D12673131F0416DA00BE5C40 /* Info.plist */,
			);
			path = Lesson_1_HomeWork;
			sourceTree = "<group>";
		};
/* End PBXGroup section */

/* Begin PBXNativeTarget section */
		D12673031F0416D900BE5C40 /* Lesson_1_HomeWork */ = {
			isa = PBXNativeTarget;
			buildConfigurationList = D12673161F0416DA00BE5C40 /* Build configuration list for PBXNativeTarget "Lesson_1_HomeWork" */;
			buildPhases = (
				D12673001F0416D900BE5C40 /* Sources */,
				D12673011F0416D900BE5C40 /* Frameworks */,
				D12673021F0416D900BE5C40 /* Resources */,
			);
			buildRules = (
			);
			dependencies = (
			);
			name = Lesson_1_HomeWork;
			productName = Lesson_1_HomeWork;
			productReference = D12673041F0416D900BE5C40 /* Lesson_1_HomeWork.app */;
			productType = "com.apple.product-type.application";
		};
/* End PBXNativeTarget section */

/* Begin PBXProject section */
		D12672FC1F0416D900BE5C40 /* Project object */ = {
			isa = PBXProject;
			attributes = {
				LastSwiftUpdateCheck = 0830;
				LastUpgradeCheck = 0830;
				ORGANIZATIONNAME = "Yaroslav Surovtsev";
				TargetAttributes = {
					D12673031F0416D900BE5C40 = {
						CreatedOnToolsVersion = 8.3.1;
						ProvisioningStyle = Automatic;
					};
				};
			};
			buildConfigurationList = D12672FF1F0416D900BE5C40 /* Build configuration list for PBXProject "Lesson_1_HomeWork" */;
			compatibilityVersion = "Xcode 3.2";
			developmentRegion = English;
			hasScannedForEncodings = 0;
			knownRegions = (
				en,
				Base,
			);
			mainGroup = D12672FB1F0416D900BE5C40;
			productRefGroup = D12673051F0416D900BE5C40 /* Products */;
			projectDirPath = "";
			projectRoot = "";
			targets = (
				D12673031F0416D900BE5C40 /* Lesson_1_HomeWork */,
			);
		};
/* End PBXProject section */

/* Begin PBXResourcesBuildPhase section */
		D12673021F0416D900BE5C40 /* Resources */ = {
			isa = PBXResourcesBuildPhase;
			buildActionMask = 2147483647;
			files = (
				D12673121F0416DA00BE5C40 /* LaunchScreen.storyboard in Resources */,
				D126730F1F0416DA00BE5C40 /* Assets.xcassets in Resources */,
				D126730D1F0416D900BE5C40 /* Main.storyboard in Resources */,
			);
			runOnlyForDeploymentPostprocessing = 0;
		};
/* End PBXResourcesBuildPhase section */

/* Begin PBXSourcesBuildPhase section */
		D12673001F0416D900BE5C40 /* Sources */ = {
			isa = PBXSourcesBuildPhase;
			buildActionMask = 2147483647;
			files = (
				D126730A1F0416D900BE5C40 /* ViewController.swift in Sources */,
				D15F63511F0D33B800A04957 /* InstrumentForTest.swift in Sources */,
				D12673081F0416D900BE5C40 /* AppDelegate.swift in Sources */,
				D15F63531F0D5BA500A04957 /* Constants.swift in Sources */,
			);
			runOnlyForDeploymentPostprocessing = 0;
		};
/* End PBXSourcesBuildPhase section */

/* Begin PBXVariantGroup section */
		D126730B1F0416D900BE5C40 /* Main.storyboard */ = {
			isa = PBXVariantGroup;
			children = (
				D126730C1F0416D900BE5C40 /* Base */,
			);
			name = Main.storyboard;
			sourceTree = "<group>";
		};
		D12673101F0416DA00BE5C40 /* LaunchScreen.storyboard */ = {
			isa = PBXVariantGroup;
			children = (
				D12673111F0416DA00BE5C40 /* Base */,
			);
			name = LaunchScreen.storyboard;
			sourceTree = "<group>";
		};
/* End PBXVariantGroup section */

/* Begin XCBuildConfiguration section */
		D12673141F0416DA00BE5C40 /* Debug */ = {
			isa = XCBuildConfiguration;
			buildSettings = {
				ALWAYS_SEARCH_USER_PATHS = NO;
				CLANG_ANALYZER_NONNULL = YES;
				CLANG_ANALYZER_NUMBER_OBJECT_CONVERSION = YES_AGGRESSIVE;
				CLANG_CXX_LANGUAGE_STANDARD = "gnu++0x";
				CLANG_CXX_LIBRARY = "libc++";
				CLANG_ENABLE_MODULES = YES;
				CLANG_ENABLE_OBJC_ARC = YES;
				CLANG_WARN_BOOL_CONVERSION = YES;
				CLANG_WARN_CONSTANT_CONVERSION = YES;
				CLANG_WARN_DIRECT_OBJC_ISA_USAGE = YES_ERROR;
				CLANG_WARN_DOCUMENTATION_COMMENTS = YES;
				CLANG_WARN_EMPTY_BODY = YES;
				CLANG_WARN_ENUM_CONVERSION = YES;
				CLANG_WARN_INFINITE_RECURSION = YES;
				CLANG_WARN_INT_CONVERSION = YES;
				CLANG_WARN_OBJC_ROOT_CLASS = YES_ERROR;
				CLANG_WARN_SUSPICIOUS_MOVE = YES;
				CLANG_WARN_UNREACHABLE_CODE = YES;
				CLANG_WARN__DUPLICATE_METHOD_MATCH = YES;
				"CODE_SIGN_IDENTITY[sdk=iphoneos*]" = "iPhone Developer";
				COPY_PHASE_STRIP = NO;
				DEBUG_INFORMATION_FORMAT = dwarf;
				ENABLE_STRICT_OBJC_MSGSEND = YES;
				ENABLE_TESTABILITY = YES;
				GCC_C_LANGUAGE_STANDARD = gnu99;
				GCC_DYNAMIC_NO_PIC = NO;
				GCC_NO_COMMON_BLOCKS = YES;
				GCC_OPTIMIZATION_LEVEL = 0;
				GCC_PREPROCESSOR_DEFINITIONS = (
					"DEBUG=1",
					"$(inherited)",
				);
				GCC_WARN_64_TO_32_BIT_CONVERSION = YES;
				GCC_WARN_ABOUT_RETURN_TYPE = YES_ERROR;
				GCC_WARN_UNDECLARED_SELECTOR = YES;
				GCC_WARN_UNINITIALIZED_AUTOS = YES_AGGRESSIVE;
				GCC_WARN_UNUSED_FUNCTION = YES;
				GCC_WARN_UNUSED_VARIABLE = YES;
				IPHONEOS_DEPLOYMENT_TARGET = 10.3;
				MTL_ENABLE_DEBUG_INFO = YES;
				ONLY_ACTIVE_ARCH = YES;
				SDKROOT = iphoneos;
				SWIFT_ACTIVE_COMPILATION_CONDITIONS = DEBUG;
				SWIFT_OPTIMIZATION_LEVEL = "-Onone";
			};
			name = Debug;
		};
		D12673151F0416DA00BE5C40 /* Release */ = {
			isa = XCBuildConfiguration;
			buildSettings = {
				ALWAYS_SEARCH_USER_PATHS = NO;
				CLANG_ANALYZER_NONNULL = YES;
				CLANG_ANALYZER_NUMBER_OBJECT_CONVERSION = YES_AGGRESSIVE;
				CLANG_CXX_LANGUAGE_STANDARD = "gnu++0x";
				CLANG_CXX_LIBRARY = "libc++";
				CLANG_ENABLE_MODULES = YES;
				CLANG_ENABLE_OBJC_ARC = YES;
				CLANG_WARN_BOOL_CONVERSION = YES;
				CLANG_WARN_CONSTANT_CONVERSION = YES;
				CLANG_WARN_DIRECT_OBJC_ISA_USAGE = YES_ERROR;
				CLANG_WARN_DOCUMENTATION_COMMENTS = YES;
				CLANG_WARN_EMPTY_BODY = YES;
				CLANG_WARN_ENUM_CONVERSION = YES;
				CLANG_WARN_INFINITE_RECURSION = YES;
				CLANG_WARN_INT_CONVERSION = YES;
				CLANG_WARN_OBJC_ROOT_CLASS = YES_ERROR;
				CLANG_WARN_SUSPICIOUS_MOVE = YES;
				CLANG_WARN_UNREACHABLE_CODE = YES;
				CLANG_WARN__DUPLICATE_METHOD_MATCH = YES;
				"CODE_SIGN_IDENTITY[sdk=iphoneos*]" = "iPhone Developer";
				COPY_PHASE_STRIP = NO;
				DEBUG_INFORMATION_FORMAT = "dwarf-with-dsym";
				ENABLE_NS_ASSERTIONS = NO;
				ENABLE_STRICT_OBJC_MSGSEND = YES;
				GCC_C_LANGUAGE_STANDARD = gnu99;
				GCC_NO_COMMON_BLOCKS = YES;
				GCC_WARN_64_TO_32_BIT_CONVERSION = YES;
				GCC_WARN_ABOUT_RETURN_TYPE = YES_ERROR;
				GCC_WARN_UNDECLARED_SELECTOR = YES;
				GCC_WARN_UNINITIALIZED_AUTOS = YES_AGGRESSIVE;
				GCC_WARN_UNUSED_FUNCTION = YES;
				GCC_WARN_UNUSED_VARIABLE = YES;
				IPHONEOS_DEPLOYMENT_TARGET = 10.3;
				MTL_ENABLE_DEBUG_INFO = NO;
				SDKROOT = iphoneos;
				SWIFT_OPTIMIZATION_LEVEL = "-Owholemodule";
				VALIDATE_PRODUCT = YES;
			};
			name = Release;
		};
		D12673171F0416DA00BE5C40 /* Debug */ = {
			isa = XCBuildConfiguration;
			buildSettings = {
				ASSETCATALOG_COMPILER_APPICON_NAME = AppIcon;
				INFOPLIST_FILE = Lesson_1_HomeWork/Info.plist;
				LD_RUNPATH_SEARCH_PATHS = "$(inherited) @executable_path/Frameworks";
				PRODUCT_BUNDLE_IDENTIFIER = "Test.Lesson-1-HomeWork";
				PRODUCT_NAME = "$(TARGET_NAME)";
				SWIFT_VERSION = 3.0;
			};
			name = Debug;
		};
		D12673181F0416DA00BE5C40 /* Release */ = {
			isa = XCBuildConfiguration;
			buildSettings = {
				ASSETCATALOG_COMPILER_APPICON_NAME = AppIcon;
				INFOPLIST_FILE = Lesson_1_HomeWork/Info.plist;
				LD_RUNPATH_SEARCH_PATHS = "$(inherited) @executable_path/Frameworks";
				PRODUCT_BUNDLE_IDENTIFIER = "Test.Lesson-1-HomeWork";
				PRODUCT_NAME = "$(TARGET_NAME)";
				SWIFT_VERSION = 3.0;
			};
			name = Release;
		};
/* End XCBuildConfiguration section */

/* Begin XCConfigurationList section */
		D12672FF1F0416D900BE5C40 /* Build configuration list for PBXProject "Lesson_1_HomeWork" */ = {
			isa = XCConfigurationList;
			buildConfigurations = (
				D12673141F0416DA00BE5C40 /* Debug */,
				D12673151F0416DA00BE5C40 /* Release */,
			);
			defaultConfigurationIsVisible = 0;
			defaultConfigurationName = Release;
		};
		D12673161F0416DA00BE5C40 /* Build configuration list for PBXNativeTarget "Lesson_1_HomeWork" */ = {
			isa = XCConfigurationList;
			buildConfigurations = (
				D12673171F0416DA00BE5C40 /* Debug */,
				D12673181F0416DA00BE5C40 /* Release */,
			);
			defaultConfigurationIsVisible = 0;
			defaultConfigurationName = Release;
		};
/* End XCConfigurationList section */
	};
	rootObject = D12672FC1F0416D900BE5C40 /* Project object */;
}
